
Microsoft Visual Studio Solution File, Format Version 12.00
# Visual Studio Version 17
VisualStudioVersion = 17.0.31903.59
MinimumVisualStudioVersion = 10.0.40219.1
Project("{2150E333-8FDC-42A3-9474-1A3956D46DE8}") = "src", "src", "{DC12B994-BF13-437E-99F8-2A40500489F3}"
EndProject
Project("{FAE04EC0-301F-11D3-BF4B-00C04F79EFBC}") = "TodoApi", "src\Api\TodoApi.csproj", "{FB4847C8-0EF6-4175-B7F1-0EB4F662F6DC}"
EndProject
Project("{2150E333-8FDC-42A3-9474-1A3956D46DE8}") = "tests", "tests", "{16F0A098-DF98-48D3-96B9-1AC9B1295F9B}"
EndProject
Project("{FAE04EC0-301F-11D3-BF4B-00C04F79EFBC}") = "UnitTests", "tests\Unit\UnitTests.csproj", "{D4DB7E0F-2C69-47B5-9AE5-E0FC33F99B4A}"
EndProject
Project("{FAE04EC0-301F-11D3-BF4B-00C04F79EFBC}") = "IntegrationTests", "tests\Integration\IntegrationTests.csproj", "{5BA2B2F4-A297-4DFF-8461-79815938BB00}"
EndProject
Global
	GlobalSection(SolutionConfigurationPlatforms) = preSolution
		Debug|Any CPU = Debug|Any CPU
		Release|Any CPU = Release|Any CPU
	EndGlobalSection
	GlobalSection(SolutionProperties) = preSolution
		HideSolutionNode = FALSE
	EndGlobalSection
	GlobalSection(ProjectConfigurationPlatforms) = postSolution
		{FB4847C8-0EF6-4175-B7F1-0EB4F662F6DC}.Debug|Any CPU.ActiveCfg = Debug|Any CPU
		{FB4847C8-0EF6-4175-B7F1-0EB4F662F6DC}.Debug|Any CPU.Build.0 = Debug|Any CPU
		{FB4847C8-0EF6-4175-B7F1-0EB4F662F6DC}.Release|Any CPU.ActiveCfg = Release|Any CPU
		{FB4847C8-0EF6-4175-B7F1-0EB4F662F6DC}.Release|Any CPU.Build.0 = Release|Any CPU
		{D4DB7E0F-2C69-47B5-9AE5-E0FC33F99B4A}.Debug|Any CPU.ActiveCfg = Debug|Any CPU
		{D4DB7E0F-2C69-47B5-9AE5-E0FC33F99B4A}.Debug|Any CPU.Build.0 = Debug|Any CPU
		{D4DB7E0F-2C69-47B5-9AE5-E0FC33F99B4A}.Release|Any CPU.ActiveCfg = Release|Any CPU
		{D4DB7E0F-2C69-47B5-9AE5-E0FC33F99B4A}.Release|Any CPU.Build.0 = Release|Any CPU
		{5BA2B2F4-A297-4DFF-8461-79815938BB00}.Debug|Any CPU.ActiveCfg = Debug|Any CPU
		{5BA2B2F4-A297-4DFF-8461-79815938BB00}.Debug|Any CPU.Build.0 = Debug|Any CPU
		{5BA2B2F4-A297-4DFF-8461-79815938BB00}.Release|Any CPU.ActiveCfg = Release|Any CPU
		{5BA2B2F4-A297-4DFF-8461-79815938BB00}.Release|Any CPU.Build.0 = Release|Any CPU
	EndGlobalSection
	GlobalSection(NestedProjects) = preSolution
		{FB4847C8-0EF6-4175-B7F1-0EB4F662F6DC} = {DC12B994-BF13-437E-99F8-2A40500489F3}
		{D4DB7E0F-2C69-47B5-9AE5-E0FC33F99B4A} = {16F0A098-DF98-48D3-96B9-1AC9B1295F9B}
		{5BA2B2F4-A297-4DFF-8461-79815938BB00} = {16F0A098-DF98-48D3-96B9-1AC9B1295F9B}
	EndGlobalSection
EndGlobal
